
Microsoft Visual Studio Solution File, Format Version 12.00
# Visual Studio Version 17
VisualStudioVersion = 17.3.32922.545
MinimumVisualStudioVersion = 10.0.40219.1
Project("{8BC9CEB8-8B4A-11D0-8D11-00A0C91BC942}") = "TicTacToe", "TicTacToe\TicTacToe.vcxproj", "{E4E9691A-E190-409E-A8D7-459858D45984}"
EndProject
Global
	GlobalSection(SolutionConfigurationPlatforms) = preSolution
		Debug|x64 = Debug|x64
		Debug|x86 = Debug|x86
		Release|x64 = Release|x64
		Release|x86 = Release|x86
	EndGlobalSection
	GlobalSection(ProjectConfigurationPlatforms) = postSolution
		{E4E9691A-E190-409E-A8D7-459858D45984}.Debug|x64.ActiveCfg = Debug|x64
		{E4E9691A-E190-409E-A8D7-459858D45984}.Debug|x64.Build.0 = Debug|x64
		{E4E9691A-E190-409E-A8D7-459858D45984}.Debug|x86.ActiveCfg = Debug|Win32
		{E4E9691A-E190-409E-A8D7-459858D45984}.Debug|x86.Build.0 = Debug|Win32
		{E4E9691A-E190-409E-A8D7-459858D45984}.Release|x64.ActiveCfg = Release|x64
		{E4E9691A-E190-409E-A8D7-459858D45984}.Release|x64.Build.0 = Release|x64
		{E4E9691A-E190-409E-A8D7-459858D45984}.Release|x86.ActiveCfg = Release|Win32
		{E4E9691A-E190-409E-A8D7-459858D45984}.Release|x86.Build.0 = Release|Win32
	EndGlobalSection
	GlobalSection(SolutionProperties) = preSolution
		HideSolutionNode = FALSE
	EndGlobalSection
	GlobalSection(ExtensibilityGlobals) = postSolution
		SolutionGuid = {B9CD48BB-054E-46D6-944B-4FC0E39AFA3A}
	EndGlobalSection
EndGlobal
